// !$*UTF8*$!
{
	archiveVersion = 1;
	classes = {
	};
	objectVersion = 51;
	objects = {

/* Begin PBXBuildFile section */
		456A232D29D44E524D29B430 /* Pods_ChocoTest_ChocoTestUITests.framework in Frameworks */ = {isa = PBXBuildFile; fileRef = 21EF231BABDA9E8B8A6C02E5 /* Pods_ChocoTest_ChocoTestUITests.framework */; };
		5479EAC423D525ED00E92883 /* AppDelegate.swift in Sources */ = {isa = PBXBuildFile; fileRef = 5479EAC323D525ED00E92883 /* AppDelegate.swift */; };
		5479EAC823D525ED00E92883 /* LoginViewController.swift in Sources */ = {isa = PBXBuildFile; fileRef = 5479EAC723D525ED00E92883 /* LoginViewController.swift */; };
		5479EACB23D525ED00E92883 /* Main.storyboard in Resources */ = {isa = PBXBuildFile; fileRef = 5479EAC923D525ED00E92883 /* Main.storyboard */; };
		5479EACD23D525F000E92883 /* Assets.xcassets in Resources */ = {isa = PBXBuildFile; fileRef = 5479EACC23D525F000E92883 /* Assets.xcassets */; };
		5479EAD023D525F000E92883 /* LaunchScreen.storyboard in Resources */ = {isa = PBXBuildFile; fileRef = 5479EACE23D525F000E92883 /* LaunchScreen.storyboard */; };
		5479EAE623D525F000E92883 /* ChocoTestUITests.swift in Sources */ = {isa = PBXBuildFile; fileRef = 5479EAE523D525F000E92883 /* ChocoTestUITests.swift */; };
		5479EAF523D5280D00E92883 /* Endpoint.swift in Sources */ = {isa = PBXBuildFile; fileRef = 5479EAF423D5280D00E92883 /* Endpoint.swift */; };
		5479EAF723D528AC00E92883 /* Api.swift in Sources */ = {isa = PBXBuildFile; fileRef = 5479EAF623D528AC00E92883 /* Api.swift */; };
		5479EAFF23D529CE00E92883 /* Repository.swift in Sources */ = {isa = PBXBuildFile; fileRef = 5479EAFE23D529CE00E92883 /* Repository.swift */; };
		5479EB0123D52B0A00E92883 /* Constants.swift in Sources */ = {isa = PBXBuildFile; fileRef = 5479EB0023D52B0A00E92883 /* Constants.swift */; };
		5479EB0323D52EA800E92883 /* HTTPMethod.swift in Sources */ = {isa = PBXBuildFile; fileRef = 5479EB0223D52EA800E92883 /* HTTPMethod.swift */; };
		5479EB0523D52EE900E92883 /* HTTPTask.swift in Sources */ = {isa = PBXBuildFile; fileRef = 5479EB0423D52EE900E92883 /* HTTPTask.swift */; };
		5479EB0723D6791200E92883 /* ParameterEncoding.swift in Sources */ = {isa = PBXBuildFile; fileRef = 5479EB0623D6791200E92883 /* ParameterEncoding.swift */; };
		5479EB0B23D67C6400E92883 /* JSONParameterEncoder.swift in Sources */ = {isa = PBXBuildFile; fileRef = 5479EB0A23D67C6400E92883 /* JSONParameterEncoder.swift */; };
		5479EB0D23D67D0700E92883 /* NetworkRouter.swift in Sources */ = {isa = PBXBuildFile; fileRef = 5479EB0C23D67D0700E92883 /* NetworkRouter.swift */; };
		5479EB0F23D67DFB00E92883 /* Router.swift in Sources */ = {isa = PBXBuildFile; fileRef = 5479EB0E23D67DFB00E92883 /* Router.swift */; };
		5479EB1423D68A8D00E92883 /* Login.swift in Sources */ = {isa = PBXBuildFile; fileRef = 5479EB1323D68A8D00E92883 /* Login.swift */; };
		5479EB1623D68BC400E92883 /* Product.swift in Sources */ = {isa = PBXBuildFile; fileRef = 5479EB1523D68BC400E92883 /* Product.swift */; };
		5479EB1823D68D5E00E92883 /* ApiManager.swift in Sources */ = {isa = PBXBuildFile; fileRef = 5479EB1723D68D5E00E92883 /* ApiManager.swift */; };
		5479EB1A23D6902100E92883 /* Result.swift in Sources */ = {isa = PBXBuildFile; fileRef = 5479EB1923D6902100E92883 /* Result.swift */; };
		5479EB1E23D7B20500E92883 /* NetworkLog.swift in Sources */ = {isa = PBXBuildFile; fileRef = 5479EB1D23D7B20500E92883 /* NetworkLog.swift */; };
		5479EB2123D7B5CD00E92883 /* NetworkError.swift in Sources */ = {isa = PBXBuildFile; fileRef = 5479EAFA23D528F100E92883 /* NetworkError.swift */; };
		5479EB2523D7B80E00E92883 /* Login.json in Resources */ = {isa = PBXBuildFile; fileRef = 5479EB2323D7B80E00E92883 /* Login.json */; };
		5479EB2623D7B80E00E92883 /* Products.json in Resources */ = {isa = PBXBuildFile; fileRef = 5479EB2423D7B80E00E92883 /* Products.json */; };
		5479EB2823D7B82D00E92883 /* LoginTest.swift in Sources */ = {isa = PBXBuildFile; fileRef = 5479EB2723D7B82D00E92883 /* LoginTest.swift */; };
		5479EB2B23D7B95A00E92883 /* LoginRepository.swift in Sources */ = {isa = PBXBuildFile; fileRef = 5479EB2A23D7B95A00E92883 /* LoginRepository.swift */; };
		5479EB2D23D7BA8400E92883 /* Token.swift in Sources */ = {isa = PBXBuildFile; fileRef = 5479EB2C23D7BA8400E92883 /* Token.swift */; };
		5479EB3023D7D79300E92883 /* ProductsRepository.swift in Sources */ = {isa = PBXBuildFile; fileRef = 5479EB2F23D7D79300E92883 /* ProductsRepository.swift */; };
		5479EB3223D7DA3300E92883 /* URLParameterEncode.swift in Sources */ = {isa = PBXBuildFile; fileRef = 5479EB3123D7DA3300E92883 /* URLParameterEncode.swift */; };
		5479EB3523D7E14400E92883 /* LoginViewModel.swift in Sources */ = {isa = PBXBuildFile; fileRef = 5479EB3423D7E14400E92883 /* LoginViewModel.swift */; };
		5479EB3823D7F2AB00E92883 /* UIView+Extensions.swift in Sources */ = {isa = PBXBuildFile; fileRef = 5479EB3723D7F2AB00E92883 /* UIView+Extensions.swift */; };
		5479EB3A23D7F37F00E92883 /* UIColor+Extensions.swift in Sources */ = {isa = PBXBuildFile; fileRef = 5479EB3923D7F37F00E92883 /* UIColor+Extensions.swift */; };
		5479EB3C23D917F300E92883 /* OrderRepository.swift in Sources */ = {isa = PBXBuildFile; fileRef = 5479EB3B23D917F300E92883 /* OrderRepository.swift */; };
		5479EB3E23D9180200E92883 /* Order.swift in Sources */ = {isa = PBXBuildFile; fileRef = 5479EB3D23D9180200E92883 /* Order.swift */; };
		5479EB4123D91A3D00E92883 /* RealmManager.swift in Sources */ = {isa = PBXBuildFile; fileRef = 5479EB4023D91A3D00E92883 /* RealmManager.swift */; };
		5479EB4323D91E0700E92883 /* RealmRepository.swift in Sources */ = {isa = PBXBuildFile; fileRef = 5479EB4223D91E0700E92883 /* RealmRepository.swift */; };
		5479EB4623D9351F00E92883 /* HomeViewController.swift in Sources */ = {isa = PBXBuildFile; fileRef = 5479EB4523D9351F00E92883 /* HomeViewController.swift */; };
		5479EB4823D942D400E92883 /* ProductsTableView.swift in Sources */ = {isa = PBXBuildFile; fileRef = 5479EB4723D942D400E92883 /* ProductsTableView.swift */; };
		5479EB4C23D943AF00E92883 /* ProductsViewModel.swift in Sources */ = {isa = PBXBuildFile; fileRef = 5479EB4B23D943AF00E92883 /* ProductsViewModel.swift */; };
		5479EB5423D9481800E92883 /* ProductTableViewCell.swift in Sources */ = {isa = PBXBuildFile; fileRef = 5479EB5223D9481800E92883 /* ProductTableViewCell.swift */; };
		5479EB5523D9481800E92883 /* ProductTableViewCell.xib in Resources */ = {isa = PBXBuildFile; fileRef = 5479EB5323D9481800E92883 /* ProductTableViewCell.xib */; };
		5479EB5723D94B1B00E92883 /* ProductCellViewModel.swift in Sources */ = {isa = PBXBuildFile; fileRef = 5479EB5623D94B1B00E92883 /* ProductCellViewModel.swift */; };
		B4C091A82CD6E71657FAF3D4 /* Pods_ChocoTest.framework in Frameworks */ = {isa = PBXBuildFile; fileRef = 526E561BE182333372834ADB /* Pods_ChocoTest.framework */; };
		F2EF56A8BDA0C91337B8B949 /* Pods_ChocoTestTests.framework in Frameworks */ = {isa = PBXBuildFile; fileRef = 147C842B1A9CBCD2FAFA1B56 /* Pods_ChocoTestTests.framework */; };
/* End PBXBuildFile section */

/* Begin PBXContainerItemProxy section */
		5479EAD723D525F000E92883 /* PBXContainerItemProxy */ = {
			isa = PBXContainerItemProxy;
			containerPortal = 5479EAB823D525ED00E92883 /* Project object */;
			proxyType = 1;
			remoteGlobalIDString = 5479EABF23D525ED00E92883;
			remoteInfo = ChocoTest;
		};
		5479EAE223D525F000E92883 /* PBXContainerItemProxy */ = {
			isa = PBXContainerItemProxy;
			containerPortal = 5479EAB823D525ED00E92883 /* Project object */;
			proxyType = 1;
			remoteGlobalIDString = 5479EABF23D525ED00E92883;
			remoteInfo = ChocoTest;
		};
/* End PBXContainerItemProxy section */

/* Begin PBXFileReference section */
		147C842B1A9CBCD2FAFA1B56 /* Pods_ChocoTestTests.framework */ = {isa = PBXFileReference; explicitFileType = wrapper.framework; includeInIndex = 0; path = Pods_ChocoTestTests.framework; sourceTree = BUILT_PRODUCTS_DIR; };
		21EF231BABDA9E8B8A6C02E5 /* Pods_ChocoTest_ChocoTestUITests.framework */ = {isa = PBXFileReference; explicitFileType = wrapper.framework; includeInIndex = 0; path = Pods_ChocoTest_ChocoTestUITests.framework; sourceTree = BUILT_PRODUCTS_DIR; };
		2CE3E74A1704F1283205DBD3 /* Pods-ChocoTestTests.debug.xcconfig */ = {isa = PBXFileReference; includeInIndex = 1; lastKnownFileType = text.xcconfig; name = "Pods-ChocoTestTests.debug.xcconfig"; path = "Target Support Files/Pods-ChocoTestTests/Pods-ChocoTestTests.debug.xcconfig"; sourceTree = "<group>"; };
		34CBE51489C56920001BA17B /* Pods-ChocoTest.release.xcconfig */ = {isa = PBXFileReference; includeInIndex = 1; lastKnownFileType = text.xcconfig; name = "Pods-ChocoTest.release.xcconfig"; path = "Target Support Files/Pods-ChocoTest/Pods-ChocoTest.release.xcconfig"; sourceTree = "<group>"; };
		4B265EAF35006058CEC7B731 /* Pods-ChocoTest.debug.xcconfig */ = {isa = PBXFileReference; includeInIndex = 1; lastKnownFileType = text.xcconfig; name = "Pods-ChocoTest.debug.xcconfig"; path = "Target Support Files/Pods-ChocoTest/Pods-ChocoTest.debug.xcconfig"; sourceTree = "<group>"; };
		526E561BE182333372834ADB /* Pods_ChocoTest.framework */ = {isa = PBXFileReference; explicitFileType = wrapper.framework; includeInIndex = 0; path = Pods_ChocoTest.framework; sourceTree = BUILT_PRODUCTS_DIR; };
		5479EAC023D525ED00E92883 /* ChocoTest.app */ = {isa = PBXFileReference; explicitFileType = wrapper.application; includeInIndex = 0; path = ChocoTest.app; sourceTree = BUILT_PRODUCTS_DIR; };
		5479EAC323D525ED00E92883 /* AppDelegate.swift */ = {isa = PBXFileReference; lastKnownFileType = sourcecode.swift; path = AppDelegate.swift; sourceTree = "<group>"; };
		5479EAC723D525ED00E92883 /* LoginViewController.swift */ = {isa = PBXFileReference; lastKnownFileType = sourcecode.swift; path = LoginViewController.swift; sourceTree = "<group>"; };
		5479EACA23D525ED00E92883 /* Base */ = {isa = PBXFileReference; lastKnownFileType = file.storyboard; name = Base; path = Base.lproj/Main.storyboard; sourceTree = "<group>"; };
		5479EACC23D525F000E92883 /* Assets.xcassets */ = {isa = PBXFileReference; lastKnownFileType = folder.assetcatalog; path = Assets.xcassets; sourceTree = "<group>"; };
		5479EACF23D525F000E92883 /* Base */ = {isa = PBXFileReference; lastKnownFileType = file.storyboard; name = Base; path = Base.lproj/LaunchScreen.storyboard; sourceTree = "<group>"; };
		5479EAD123D525F000E92883 /* Info.plist */ = {isa = PBXFileReference; lastKnownFileType = text.plist.xml; path = Info.plist; sourceTree = "<group>"; };
		5479EAD623D525F000E92883 /* ChocoTestTests.xctest */ = {isa = PBXFileReference; explicitFileType = wrapper.cfbundle; includeInIndex = 0; path = ChocoTestTests.xctest; sourceTree = BUILT_PRODUCTS_DIR; };
		5479EADC23D525F000E92883 /* Info.plist */ = {isa = PBXFileReference; lastKnownFileType = text.plist.xml; path = Info.plist; sourceTree = "<group>"; };
		5479EAE123D525F000E92883 /* ChocoTestUITests.xctest */ = {isa = PBXFileReference; explicitFileType = wrapper.cfbundle; includeInIndex = 0; path = ChocoTestUITests.xctest; sourceTree = BUILT_PRODUCTS_DIR; };
		5479EAE523D525F000E92883 /* ChocoTestUITests.swift */ = {isa = PBXFileReference; lastKnownFileType = sourcecode.swift; path = ChocoTestUITests.swift; sourceTree = "<group>"; };
		5479EAE723D525F000E92883 /* Info.plist */ = {isa = PBXFileReference; lastKnownFileType = text.plist.xml; path = Info.plist; sourceTree = "<group>"; };
		5479EAF423D5280D00E92883 /* Endpoint.swift */ = {isa = PBXFileReference; lastKnownFileType = sourcecode.swift; path = Endpoint.swift; sourceTree = "<group>"; };
		5479EAF623D528AC00E92883 /* Api.swift */ = {isa = PBXFileReference; lastKnownFileType = sourcecode.swift; path = Api.swift; sourceTree = "<group>"; };
		5479EAFA23D528F100E92883 /* NetworkError.swift */ = {isa = PBXFileReference; lastKnownFileType = sourcecode.swift; path = NetworkError.swift; sourceTree = "<group>"; };
		5479EAFE23D529CE00E92883 /* Repository.swift */ = {isa = PBXFileReference; lastKnownFileType = sourcecode.swift; path = Repository.swift; sourceTree = "<group>"; };
		5479EB0023D52B0A00E92883 /* Constants.swift */ = {isa = PBXFileReference; lastKnownFileType = sourcecode.swift; path = Constants.swift; sourceTree = "<group>"; };
		5479EB0223D52EA800E92883 /* HTTPMethod.swift */ = {isa = PBXFileReference; lastKnownFileType = sourcecode.swift; path = HTTPMethod.swift; sourceTree = "<group>"; };
		5479EB0423D52EE900E92883 /* HTTPTask.swift */ = {isa = PBXFileReference; lastKnownFileType = sourcecode.swift; path = HTTPTask.swift; sourceTree = "<group>"; };
		5479EB0623D6791200E92883 /* ParameterEncoding.swift */ = {isa = PBXFileReference; lastKnownFileType = sourcecode.swift; path = ParameterEncoding.swift; sourceTree = "<group>"; };
		5479EB0A23D67C6400E92883 /* JSONParameterEncoder.swift */ = {isa = PBXFileReference; lastKnownFileType = sourcecode.swift; path = JSONParameterEncoder.swift; sourceTree = "<group>"; };
		5479EB0C23D67D0700E92883 /* NetworkRouter.swift */ = {isa = PBXFileReference; lastKnownFileType = sourcecode.swift; path = NetworkRouter.swift; sourceTree = "<group>"; };
		5479EB0E23D67DFB00E92883 /* Router.swift */ = {isa = PBXFileReference; lastKnownFileType = sourcecode.swift; path = Router.swift; sourceTree = "<group>"; };
		5479EB1323D68A8D00E92883 /* Login.swift */ = {isa = PBXFileReference; lastKnownFileType = sourcecode.swift; path = Login.swift; sourceTree = "<group>"; };
		5479EB1523D68BC400E92883 /* Product.swift */ = {isa = PBXFileReference; lastKnownFileType = sourcecode.swift; path = Product.swift; sourceTree = "<group>"; };
		5479EB1723D68D5E00E92883 /* ApiManager.swift */ = {isa = PBXFileReference; lastKnownFileType = sourcecode.swift; path = ApiManager.swift; sourceTree = "<group>"; };
		5479EB1923D6902100E92883 /* Result.swift */ = {isa = PBXFileReference; fileEncoding = 4; lastKnownFileType = sourcecode.swift; path = Result.swift; sourceTree = "<group>"; };
		5479EB1D23D7B20500E92883 /* NetworkLog.swift */ = {isa = PBXFileReference; lastKnownFileType = sourcecode.swift; path = NetworkLog.swift; sourceTree = "<group>"; };
		5479EB2323D7B80E00E92883 /* Login.json */ = {isa = PBXFileReference; fileEncoding = 4; lastKnownFileType = text.json; path = Login.json; sourceTree = "<group>"; };
		5479EB2423D7B80E00E92883 /* Products.json */ = {isa = PBXFileReference; fileEncoding = 4; lastKnownFileType = text.json; path = Products.json; sourceTree = "<group>"; };
		5479EB2723D7B82D00E92883 /* LoginTest.swift */ = {isa = PBXFileReference; lastKnownFileType = sourcecode.swift; path = LoginTest.swift; sourceTree = "<group>"; };
		5479EB2A23D7B95A00E92883 /* LoginRepository.swift */ = {isa = PBXFileReference; lastKnownFileType = sourcecode.swift; path = LoginRepository.swift; sourceTree = "<group>"; };
		5479EB2C23D7BA8400E92883 /* Token.swift */ = {isa = PBXFileReference; lastKnownFileType = sourcecode.swift; path = Token.swift; sourceTree = "<group>"; };
		5479EB2F23D7D79300E92883 /* ProductsRepository.swift */ = {isa = PBXFileReference; lastKnownFileType = sourcecode.swift; path = ProductsRepository.swift; sourceTree = "<group>"; };
		5479EB3123D7DA3300E92883 /* URLParameterEncode.swift */ = {isa = PBXFileReference; lastKnownFileType = sourcecode.swift; path = URLParameterEncode.swift; sourceTree = "<group>"; };
		5479EB3423D7E14400E92883 /* LoginViewModel.swift */ = {isa = PBXFileReference; lastKnownFileType = sourcecode.swift; path = LoginViewModel.swift; sourceTree = "<group>"; };
		5479EB3723D7F2AB00E92883 /* UIView+Extensions.swift */ = {isa = PBXFileReference; lastKnownFileType = sourcecode.swift; path = "UIView+Extensions.swift"; sourceTree = "<group>"; };
		5479EB3923D7F37F00E92883 /* UIColor+Extensions.swift */ = {isa = PBXFileReference; lastKnownFileType = sourcecode.swift; path = "UIColor+Extensions.swift"; sourceTree = "<group>"; };
		5479EB3B23D917F300E92883 /* OrderRepository.swift */ = {isa = PBXFileReference; lastKnownFileType = sourcecode.swift; path = OrderRepository.swift; sourceTree = "<group>"; };
		5479EB3D23D9180200E92883 /* Order.swift */ = {isa = PBXFileReference; lastKnownFileType = sourcecode.swift; path = Order.swift; sourceTree = "<group>"; };
		5479EB4023D91A3D00E92883 /* RealmManager.swift */ = {isa = PBXFileReference; lastKnownFileType = sourcecode.swift; path = RealmManager.swift; sourceTree = "<group>"; };
		5479EB4223D91E0700E92883 /* RealmRepository.swift */ = {isa = PBXFileReference; lastKnownFileType = sourcecode.swift; path = RealmRepository.swift; sourceTree = "<group>"; };
		5479EB4523D9351F00E92883 /* HomeViewController.swift */ = {isa = PBXFileReference; lastKnownFileType = sourcecode.swift; path = HomeViewController.swift; sourceTree = "<group>"; };
		5479EB4723D942D400E92883 /* ProductsTableView.swift */ = {isa = PBXFileReference; lastKnownFileType = sourcecode.swift; path = ProductsTableView.swift; sourceTree = "<group>"; };
		5479EB4B23D943AF00E92883 /* ProductsViewModel.swift */ = {isa = PBXFileReference; lastKnownFileType = sourcecode.swift; path = ProductsViewModel.swift; sourceTree = "<group>"; };
		5479EB5223D9481800E92883 /* ProductTableViewCell.swift */ = {isa = PBXFileReference; lastKnownFileType = sourcecode.swift; path = ProductTableViewCell.swift; sourceTree = "<group>"; };
		5479EB5323D9481800E92883 /* ProductTableViewCell.xib */ = {isa = PBXFileReference; lastKnownFileType = file.xib; path = ProductTableViewCell.xib; sourceTree = "<group>"; };
		5479EB5623D94B1B00E92883 /* ProductCellViewModel.swift */ = {isa = PBXFileReference; lastKnownFileType = sourcecode.swift; path = ProductCellViewModel.swift; sourceTree = "<group>"; };
		587E8322514637723D101135 /* Pods-ChocoTest-ChocoTestUITests.release.xcconfig */ = {isa = PBXFileReference; includeInIndex = 1; lastKnownFileType = text.xcconfig; name = "Pods-ChocoTest-ChocoTestUITests.release.xcconfig"; path = "Target Support Files/Pods-ChocoTest-ChocoTestUITests/Pods-ChocoTest-ChocoTestUITests.release.xcconfig"; sourceTree = "<group>"; };
		8A7B1DE988B8E164BE2FC9E5 /* Pods-ChocoTestTests.release.xcconfig */ = {isa = PBXFileReference; includeInIndex = 1; lastKnownFileType = text.xcconfig; name = "Pods-ChocoTestTests.release.xcconfig"; path = "Target Support Files/Pods-ChocoTestTests/Pods-ChocoTestTests.release.xcconfig"; sourceTree = "<group>"; };
		A86230949843256F5835347A /* Pods-ChocoTest-ChocoTestUITests.debug.xcconfig */ = {isa = PBXFileReference; includeInIndex = 1; lastKnownFileType = text.xcconfig; name = "Pods-ChocoTest-ChocoTestUITests.debug.xcconfig"; path = "Target Support Files/Pods-ChocoTest-ChocoTestUITests/Pods-ChocoTest-ChocoTestUITests.debug.xcconfig"; sourceTree = "<group>"; };
/* End PBXFileReference section */

/* Begin PBXFrameworksBuildPhase section */
		5479EABD23D525ED00E92883 /* Frameworks */ = {
			isa = PBXFrameworksBuildPhase;
			buildActionMask = 2147483647;
			files = (
				B4C091A82CD6E71657FAF3D4 /* Pods_ChocoTest.framework in Frameworks */,
			);
			runOnlyForDeploymentPostprocessing = 0;
		};
		5479EAD323D525F000E92883 /* Frameworks */ = {
			isa = PBXFrameworksBuildPhase;
			buildActionMask = 2147483647;
			files = (
				F2EF56A8BDA0C91337B8B949 /* Pods_ChocoTestTests.framework in Frameworks */,
			);
			runOnlyForDeploymentPostprocessing = 0;
		};
		5479EADE23D525F000E92883 /* Frameworks */ = {
			isa = PBXFrameworksBuildPhase;
			buildActionMask = 2147483647;
			files = (
				456A232D29D44E524D29B430 /* Pods_ChocoTest_ChocoTestUITests.framework in Frameworks */,
			);
			runOnlyForDeploymentPostprocessing = 0;
		};
/* End PBXFrameworksBuildPhase section */

/* Begin PBXGroup section */
		5479EAB723D525ED00E92883 = {
			isa = PBXGroup;
			children = (
				5479EAC223D525ED00E92883 /* ChocoTest */,
				5479EAD923D525F000E92883 /* ChocoTestTests */,
				5479EAE423D525F000E92883 /* ChocoTestUITests */,
				5479EAC123D525ED00E92883 /* Products */,
				78B46F16EA83226B5F0285E3 /* Pods */,
				70E981142FA023527DD16451 /* Frameworks */,
			);
			sourceTree = "<group>";
		};
		5479EAC123D525ED00E92883 /* Products */ = {
			isa = PBXGroup;
			children = (
				5479EAC023D525ED00E92883 /* ChocoTest.app */,
				5479EAD623D525F000E92883 /* ChocoTestTests.xctest */,
				5479EAE123D525F000E92883 /* ChocoTestUITests.xctest */,
			);
			name = Products;
			sourceTree = "<group>";
		};
		5479EAC223D525ED00E92883 /* ChocoTest */ = {
			isa = PBXGroup;
			children = (
				5479EB3F23D91A2F00E92883 /* Realm */,
				5479EB3623D7F29500E92883 /* Extensions */,
				5479EB2923D7B94600E92883 /* Repository */,
				5479EAF323D527C200E92883 /* Network */,
				5479EB1223D68A7B00E92883 /* Model */,
				5479EB3323D7E13800E92883 /* ViewModel */,
				5479EB4423D934F400E92883 /* View */,
				5479EAC323D525ED00E92883 /* AppDelegate.swift */,
				5479EAC923D525ED00E92883 /* Main.storyboard */,
				5479EACC23D525F000E92883 /* Assets.xcassets */,
				5479EACE23D525F000E92883 /* LaunchScreen.storyboard */,
				5479EAD123D525F000E92883 /* Info.plist */,
			);
			path = ChocoTest;
			sourceTree = "<group>";
		};
		5479EAD923D525F000E92883 /* ChocoTestTests */ = {
			isa = PBXGroup;
			children = (
				5479EB2223D7B7F600E92883 /* Mocks */,
				5479EB2723D7B82D00E92883 /* LoginTest.swift */,
				5479EADC23D525F000E92883 /* Info.plist */,
			);
			path = ChocoTestTests;
			sourceTree = "<group>";
		};
		5479EAE423D525F000E92883 /* ChocoTestUITests */ = {
			isa = PBXGroup;
			children = (
				5479EAE523D525F000E92883 /* ChocoTestUITests.swift */,
				5479EAE723D525F000E92883 /* Info.plist */,
			);
			path = ChocoTestUITests;
			sourceTree = "<group>";
		};
		5479EAF323D527C200E92883 /* Network */ = {
			isa = PBXGroup;
			children = (
				5479EB2023D7B45400E92883 /* Manager */,
				5479EB1C23D6962400E92883 /* Service */,
				5479EB1B23D695DE00E92883 /* Encoding */,
				5479EB0023D52B0A00E92883 /* Constants.swift */,
				5479EB1923D6902100E92883 /* Result.swift */,
			);
			path = Network;
			sourceTree = "<group>";
		};
		5479EB1223D68A7B00E92883 /* Model */ = {
			isa = PBXGroup;
			children = (
				5479EB1323D68A8D00E92883 /* Login.swift */,
				5479EB2C23D7BA8400E92883 /* Token.swift */,
				5479EB1523D68BC400E92883 /* Product.swift */,
				5479EB3D23D9180200E92883 /* Order.swift */,
			);
			path = Model;
			sourceTree = "<group>";
		};
		5479EB1B23D695DE00E92883 /* Encoding */ = {
			isa = PBXGroup;
			children = (
				5479EB0623D6791200E92883 /* ParameterEncoding.swift */,
				5479EB0A23D67C6400E92883 /* JSONParameterEncoder.swift */,
				5479EB3123D7DA3300E92883 /* URLParameterEncode.swift */,
			);
			path = Encoding;
			sourceTree = "<group>";
		};
		5479EB1C23D6962400E92883 /* Service */ = {
			isa = PBXGroup;
			children = (
				5479EB0223D52EA800E92883 /* HTTPMethod.swift */,
				5479EB0423D52EE900E92883 /* HTTPTask.swift */,
				5479EB0C23D67D0700E92883 /* NetworkRouter.swift */,
				5479EB0E23D67DFB00E92883 /* Router.swift */,
				5479EAFA23D528F100E92883 /* NetworkError.swift */,
				5479EB1D23D7B20500E92883 /* NetworkLog.swift */,
			);
			path = Service;
			sourceTree = "<group>";
		};
		5479EB2023D7B45400E92883 /* Manager */ = {
			isa = PBXGroup;
			children = (
				5479EAF423D5280D00E92883 /* Endpoint.swift */,
				5479EAF623D528AC00E92883 /* Api.swift */,
				5479EB1723D68D5E00E92883 /* ApiManager.swift */,
			);
			path = Manager;
			sourceTree = "<group>";
		};
		5479EB2223D7B7F600E92883 /* Mocks */ = {
			isa = PBXGroup;
			children = (
				5479EB2323D7B80E00E92883 /* Login.json */,
				5479EB2423D7B80E00E92883 /* Products.json */,
			);
			path = Mocks;
			sourceTree = "<group>";
		};
		5479EB2923D7B94600E92883 /* Repository */ = {
			isa = PBXGroup;
			children = (
				5479EAFE23D529CE00E92883 /* Repository.swift */,
				5479EB2A23D7B95A00E92883 /* LoginRepository.swift */,
				5479EB2F23D7D79300E92883 /* ProductsRepository.swift */,
				5479EB3B23D917F300E92883 /* OrderRepository.swift */,
			);
			path = Repository;
			sourceTree = "<group>";
		};
		5479EB3323D7E13800E92883 /* ViewModel */ = {
			isa = PBXGroup;
			children = (
				5479EB3423D7E14400E92883 /* LoginViewModel.swift */,
				5479EB4B23D943AF00E92883 /* ProductsViewModel.swift */,
				5479EB5623D94B1B00E92883 /* ProductCellViewModel.swift */,
			);
			path = ViewModel;
			sourceTree = "<group>";
		};
		5479EB3623D7F29500E92883 /* Extensions */ = {
			isa = PBXGroup;
			children = (
				5479EB3923D7F37F00E92883 /* UIColor+Extensions.swift */,
				5479EB3723D7F2AB00E92883 /* UIView+Extensions.swift */,
			);
			path = Extensions;
			sourceTree = "<group>";
		};
		5479EB3F23D91A2F00E92883 /* Realm */ = {
			isa = PBXGroup;
			children = (
				5479EB4023D91A3D00E92883 /* RealmManager.swift */,
				5479EB4223D91E0700E92883 /* RealmRepository.swift */,
			);
			path = Realm;
			sourceTree = "<group>";
		};
		5479EB4423D934F400E92883 /* View */ = {
			isa = PBXGroup;
			children = (
				5479EB4D23D947DD00E92883 /* Cell */,
				5479EAC723D525ED00E92883 /* LoginViewController.swift */,
				5479EB4523D9351F00E92883 /* HomeViewController.swift */,
				5479EB4723D942D400E92883 /* ProductsTableView.swift */,
			);
			path = View;
			sourceTree = "<group>";
		};
		5479EB4D23D947DD00E92883 /* Cell */ = {
			isa = PBXGroup;
			children = (
				5479EB5223D9481800E92883 /* ProductTableViewCell.swift */,
				5479EB5323D9481800E92883 /* ProductTableViewCell.xib */,
			);
			path = Cell;
			sourceTree = "<group>";
		};
		70E981142FA023527DD16451 /* Frameworks */ = {
			isa = PBXGroup;
			children = (
				526E561BE182333372834ADB /* Pods_ChocoTest.framework */,
				21EF231BABDA9E8B8A6C02E5 /* Pods_ChocoTest_ChocoTestUITests.framework */,
				147C842B1A9CBCD2FAFA1B56 /* Pods_ChocoTestTests.framework */,
			);
			name = Frameworks;
			sourceTree = "<group>";
		};
		78B46F16EA83226B5F0285E3 /* Pods */ = {
			isa = PBXGroup;
			children = (
				4B265EAF35006058CEC7B731 /* Pods-ChocoTest.debug.xcconfig */,
				34CBE51489C56920001BA17B /* Pods-ChocoTest.release.xcconfig */,
				A86230949843256F5835347A /* Pods-ChocoTest-ChocoTestUITests.debug.xcconfig */,
				587E8322514637723D101135 /* Pods-ChocoTest-ChocoTestUITests.release.xcconfig */,
				2CE3E74A1704F1283205DBD3 /* Pods-ChocoTestTests.debug.xcconfig */,
				8A7B1DE988B8E164BE2FC9E5 /* Pods-ChocoTestTests.release.xcconfig */,
			);
			path = Pods;
			sourceTree = "<group>";
		};
/* End PBXGroup section */

/* Begin PBXNativeTarget section */
		5479EABF23D525ED00E92883 /* ChocoTest */ = {
			isa = PBXNativeTarget;
			buildConfigurationList = 5479EAEA23D525F000E92883 /* Build configuration list for PBXNativeTarget "ChocoTest" */;
			buildPhases = (
				7368C6901312E04A483EEFCF /* [CP] Check Pods Manifest.lock */,
				5479EABC23D525ED00E92883 /* Sources */,
				5479EABD23D525ED00E92883 /* Frameworks */,
				5479EABE23D525ED00E92883 /* Resources */,
				1ADE142DE447DC8B9E59A44E /* [CP] Embed Pods Frameworks */,
			);
			buildRules = (
			);
			dependencies = (
			);
			name = ChocoTest;
			productName = ChocoTest;
			productReference = 5479EAC023D525ED00E92883 /* ChocoTest.app */;
			productType = "com.apple.product-type.application";
		};
		5479EAD523D525F000E92883 /* ChocoTestTests */ = {
			isa = PBXNativeTarget;
			buildConfigurationList = 5479EAED23D525F000E92883 /* Build configuration list for PBXNativeTarget "ChocoTestTests" */;
			buildPhases = (
				973657D282DE212C06F988E7 /* [CP] Check Pods Manifest.lock */,
				5479EAD223D525F000E92883 /* Sources */,
				5479EAD323D525F000E92883 /* Frameworks */,
				5479EAD423D525F000E92883 /* Resources */,
			);
			buildRules = (
			);
			dependencies = (
				5479EAD823D525F000E92883 /* PBXTargetDependency */,
			);
			name = ChocoTestTests;
			productName = ChocoTestTests;
			productReference = 5479EAD623D525F000E92883 /* ChocoTestTests.xctest */;
			productType = "com.apple.product-type.bundle.unit-test";
		};
		5479EAE023D525F000E92883 /* ChocoTestUITests */ = {
			isa = PBXNativeTarget;
			buildConfigurationList = 5479EAF023D525F000E92883 /* Build configuration list for PBXNativeTarget "ChocoTestUITests" */;
			buildPhases = (
				44CAC2FE117836FDDA9D9CB7 /* [CP] Check Pods Manifest.lock */,
				5479EADD23D525F000E92883 /* Sources */,
				5479EADE23D525F000E92883 /* Frameworks */,
				5479EADF23D525F000E92883 /* Resources */,
				0D8AC1CEFEE715FBBA8DCD24 /* [CP] Embed Pods Frameworks */,
			);
			buildRules = (
			);
			dependencies = (
				5479EAE323D525F000E92883 /* PBXTargetDependency */,
			);
			name = ChocoTestUITests;
			productName = ChocoTestUITests;
			productReference = 5479EAE123D525F000E92883 /* ChocoTestUITests.xctest */;
			productType = "com.apple.product-type.bundle.ui-testing";
		};
/* End PBXNativeTarget section */

/* Begin PBXProject section */
		5479EAB823D525ED00E92883 /* Project object */ = {
			isa = PBXProject;
			attributes = {
				LastSwiftUpdateCheck = 1130;
				LastUpgradeCheck = 1130;
				ORGANIZATIONNAME = "Maria Eugênia Pereira Teixeira";
				TargetAttributes = {
					5479EABF23D525ED00E92883 = {
						CreatedOnToolsVersion = 11.3.1;
					};
					5479EAD523D525F000E92883 = {
						CreatedOnToolsVersion = 11.3.1;
						TestTargetID = 5479EABF23D525ED00E92883;
					};
					5479EAE023D525F000E92883 = {
						CreatedOnToolsVersion = 11.3.1;
						TestTargetID = 5479EABF23D525ED00E92883;
					};
				};
			};
			buildConfigurationList = 5479EABB23D525ED00E92883 /* Build configuration list for PBXProject "ChocoTest" */;
			compatibilityVersion = "Xcode 9.3";
			developmentRegion = en;
			hasScannedForEncodings = 0;
			knownRegions = (
				en,
				Base,
			);
			mainGroup = 5479EAB723D525ED00E92883;
			productRefGroup = 5479EAC123D525ED00E92883 /* Products */;
			projectDirPath = "";
			projectRoot = "";
			targets = (
				5479EABF23D525ED00E92883 /* ChocoTest */,
				5479EAD523D525F000E92883 /* ChocoTestTests */,
				5479EAE023D525F000E92883 /* ChocoTestUITests */,
			);
		};
/* End PBXProject section */

/* Begin PBXResourcesBuildPhase section */
		5479EABE23D525ED00E92883 /* Resources */ = {
			isa = PBXResourcesBuildPhase;
			buildActionMask = 2147483647;
			files = (
				5479EAD023D525F000E92883 /* LaunchScreen.storyboard in Resources */,
				5479EB5523D9481800E92883 /* ProductTableViewCell.xib in Resources */,
				5479EACD23D525F000E92883 /* Assets.xcassets in Resources */,
				5479EACB23D525ED00E92883 /* Main.storyboard in Resources */,
			);
			runOnlyForDeploymentPostprocessing = 0;
		};
		5479EAD423D525F000E92883 /* Resources */ = {
			isa = PBXResourcesBuildPhase;
			buildActionMask = 2147483647;
			files = (
				5479EB2523D7B80E00E92883 /* Login.json in Resources */,
				5479EB2623D7B80E00E92883 /* Products.json in Resources */,
			);
			runOnlyForDeploymentPostprocessing = 0;
		};
		5479EADF23D525F000E92883 /* Resources */ = {
			isa = PBXResourcesBuildPhase;
			buildActionMask = 2147483647;
			files = (
			);
			runOnlyForDeploymentPostprocessing = 0;
		};
/* End PBXResourcesBuildPhase section */

/* Begin PBXShellScriptBuildPhase section */
		0D8AC1CEFEE715FBBA8DCD24 /* [CP] Embed Pods Frameworks */ = {
			isa = PBXShellScriptBuildPhase;
			buildActionMask = 2147483647;
			files = (
			);
			inputFileListPaths = (
				"${PODS_ROOT}/Target Support Files/Pods-ChocoTest-ChocoTestUITests/Pods-ChocoTest-ChocoTestUITests-frameworks-${CONFIGURATION}-input-files.xcfilelist",
			);
			name = "[CP] Embed Pods Frameworks";
			outputFileListPaths = (
				"${PODS_ROOT}/Target Support Files/Pods-ChocoTest-ChocoTestUITests/Pods-ChocoTest-ChocoTestUITests-frameworks-${CONFIGURATION}-output-files.xcfilelist",
			);
			runOnlyForDeploymentPostprocessing = 0;
			shellPath = /bin/sh;
			shellScript = "\"${PODS_ROOT}/Target Support Files/Pods-ChocoTest-ChocoTestUITests/Pods-ChocoTest-ChocoTestUITests-frameworks.sh\"\n";
			showEnvVarsInLog = 0;
		};
		1ADE142DE447DC8B9E59A44E /* [CP] Embed Pods Frameworks */ = {
			isa = PBXShellScriptBuildPhase;
			buildActionMask = 2147483647;
			files = (
			);
			inputFileListPaths = (
				"${PODS_ROOT}/Target Support Files/Pods-ChocoTest/Pods-ChocoTest-frameworks-${CONFIGURATION}-input-files.xcfilelist",
			);
			name = "[CP] Embed Pods Frameworks";
			outputFileListPaths = (
				"${PODS_ROOT}/Target Support Files/Pods-ChocoTest/Pods-ChocoTest-frameworks-${CONFIGURATION}-output-files.xcfilelist",
			);
			runOnlyForDeploymentPostprocessing = 0;
			shellPath = /bin/sh;
			shellScript = "\"${PODS_ROOT}/Target Support Files/Pods-ChocoTest/Pods-ChocoTest-frameworks.sh\"\n";
			showEnvVarsInLog = 0;
		};
		44CAC2FE117836FDDA9D9CB7 /* [CP] Check Pods Manifest.lock */ = {
			isa = PBXShellScriptBuildPhase;
			buildActionMask = 2147483647;
			files = (
			);
			inputFileListPaths = (
			);
			inputPaths = (
				"${PODS_PODFILE_DIR_PATH}/Podfile.lock",
				"${PODS_ROOT}/Manifest.lock",
			);
			name = "[CP] Check Pods Manifest.lock";
			outputFileListPaths = (
			);
			outputPaths = (
				"$(DERIVED_FILE_DIR)/Pods-ChocoTest-ChocoTestUITests-checkManifestLockResult.txt",
			);
			runOnlyForDeploymentPostprocessing = 0;
			shellPath = /bin/sh;
			shellScript = "diff \"${PODS_PODFILE_DIR_PATH}/Podfile.lock\" \"${PODS_ROOT}/Manifest.lock\" > /dev/null\nif [ $? != 0 ] ; then\n    # print error to STDERR\n    echo \"error: The sandbox is not in sync with the Podfile.lock. Run 'pod install' or update your CocoaPods installation.\" >&2\n    exit 1\nfi\n# This output is used by Xcode 'outputs' to avoid re-running this script phase.\necho \"SUCCESS\" > \"${SCRIPT_OUTPUT_FILE_0}\"\n";
			showEnvVarsInLog = 0;
		};
		7368C6901312E04A483EEFCF /* [CP] Check Pods Manifest.lock */ = {
			isa = PBXShellScriptBuildPhase;
			buildActionMask = 2147483647;
			files = (
			);
			inputFileListPaths = (
			);
			inputPaths = (
				"${PODS_PODFILE_DIR_PATH}/Podfile.lock",
				"${PODS_ROOT}/Manifest.lock",
			);
			name = "[CP] Check Pods Manifest.lock";
			outputFileListPaths = (
			);
			outputPaths = (
				"$(DERIVED_FILE_DIR)/Pods-ChocoTest-checkManifestLockResult.txt",
			);
			runOnlyForDeploymentPostprocessing = 0;
			shellPath = /bin/sh;
			shellScript = "diff \"${PODS_PODFILE_DIR_PATH}/Podfile.lock\" \"${PODS_ROOT}/Manifest.lock\" > /dev/null\nif [ $? != 0 ] ; then\n    # print error to STDERR\n    echo \"error: The sandbox is not in sync with the Podfile.lock. Run 'pod install' or update your CocoaPods installation.\" >&2\n    exit 1\nfi\n# This output is used by Xcode 'outputs' to avoid re-running this script phase.\necho \"SUCCESS\" > \"${SCRIPT_OUTPUT_FILE_0}\"\n";
			showEnvVarsInLog = 0;
		};
		973657D282DE212C06F988E7 /* [CP] Check Pods Manifest.lock */ = {
			isa = PBXShellScriptBuildPhase;
			buildActionMask = 2147483647;
			files = (
			);
			inputFileListPaths = (
			);
			inputPaths = (
				"${PODS_PODFILE_DIR_PATH}/Podfile.lock",
				"${PODS_ROOT}/Manifest.lock",
			);
			name = "[CP] Check Pods Manifest.lock";
			outputFileListPaths = (
			);
			outputPaths = (
				"$(DERIVED_FILE_DIR)/Pods-ChocoTestTests-checkManifestLockResult.txt",
			);
			runOnlyForDeploymentPostprocessing = 0;
			shellPath = /bin/sh;
			shellScript = "diff \"${PODS_PODFILE_DIR_PATH}/Podfile.lock\" \"${PODS_ROOT}/Manifest.lock\" > /dev/null\nif [ $? != 0 ] ; then\n    # print error to STDERR\n    echo \"error: The sandbox is not in sync with the Podfile.lock. Run 'pod install' or update your CocoaPods installation.\" >&2\n    exit 1\nfi\n# This output is used by Xcode 'outputs' to avoid re-running this script phase.\necho \"SUCCESS\" > \"${SCRIPT_OUTPUT_FILE_0}\"\n";
			showEnvVarsInLog = 0;
		};
/* End PBXShellScriptBuildPhase section */

/* Begin PBXSourcesBuildPhase section */
		5479EABC23D525ED00E92883 /* Sources */ = {
			isa = PBXSourcesBuildPhase;
			buildActionMask = 2147483647;
			files = (
				5479EB3523D7E14400E92883 /* LoginViewModel.swift in Sources */,
				5479EB3823D7F2AB00E92883 /* UIView+Extensions.swift in Sources */,
				5479EB1823D68D5E00E92883 /* ApiManager.swift in Sources */,
				5479EAC823D525ED00E92883 /* LoginViewController.swift in Sources */,
				5479EAC423D525ED00E92883 /* AppDelegate.swift in Sources */,
				5479EB5423D9481800E92883 /* ProductTableViewCell.swift in Sources */,
				5479EB4123D91A3D00E92883 /* RealmManager.swift in Sources */,
				5479EB1623D68BC400E92883 /* Product.swift in Sources */,
				5479EAFF23D529CE00E92883 /* Repository.swift in Sources */,
				5479EB0B23D67C6400E92883 /* JSONParameterEncoder.swift in Sources */,
				5479EAF723D528AC00E92883 /* Api.swift in Sources */,
				5479EB2B23D7B95A00E92883 /* LoginRepository.swift in Sources */,
				5479EB0F23D67DFB00E92883 /* Router.swift in Sources */,
				5479EB4C23D943AF00E92883 /* ProductsViewModel.swift in Sources */,
				5479EB3A23D7F37F00E92883 /* UIColor+Extensions.swift in Sources */,
				5479EB3E23D9180200E92883 /* Order.swift in Sources */,
				5479EB4323D91E0700E92883 /* RealmRepository.swift in Sources */,
				5479EB3023D7D79300E92883 /* ProductsRepository.swift in Sources */,
				5479EB5723D94B1B00E92883 /* ProductCellViewModel.swift in Sources */,
				5479EB0723D6791200E92883 /* ParameterEncoding.swift in Sources */,
				5479EB1E23D7B20500E92883 /* NetworkLog.swift in Sources */,
				5479EB2D23D7BA8400E92883 /* Token.swift in Sources */,
				5479EB1423D68A8D00E92883 /* Login.swift in Sources */,
				5479EB0523D52EE900E92883 /* HTTPTask.swift in Sources */,
				5479EAF523D5280D00E92883 /* Endpoint.swift in Sources */,
				5479EB0323D52EA800E92883 /* HTTPMethod.swift in Sources */,
				5479EB1A23D6902100E92883 /* Result.swift in Sources */,
				5479EB4623D9351F00E92883 /* HomeViewController.swift in Sources */,
				5479EB2123D7B5CD00E92883 /* NetworkError.swift in Sources */,
				5479EB4823D942D400E92883 /* ProductsTableView.swift in Sources */,
				5479EB0123D52B0A00E92883 /* Constants.swift in Sources */,
				5479EB0D23D67D0700E92883 /* NetworkRouter.swift in Sources */,
				5479EB3C23D917F300E92883 /* OrderRepository.swift in Sources */,
				5479EB3223D7DA3300E92883 /* URLParameterEncode.swift in Sources */,
			);
			runOnlyForDeploymentPostprocessing = 0;
		};
		5479EAD223D525F000E92883 /* Sources */ = {
			isa = PBXSourcesBuildPhase;
			buildActionMask = 2147483647;
			files = (
				5479EB2823D7B82D00E92883 /* LoginTest.swift in Sources */,
			);
			runOnlyForDeploymentPostprocessing = 0;
		};
		5479EADD23D525F000E92883 /* Sources */ = {
			isa = PBXSourcesBuildPhase;
			buildActionMask = 2147483647;
			files = (
				5479EAE623D525F000E92883 /* ChocoTestUITests.swift in Sources */,
			);
			runOnlyForDeploymentPostprocessing = 0;
		};
/* End PBXSourcesBuildPhase section */

/* Begin PBXTargetDependency section */
		5479EAD823D525F000E92883 /* PBXTargetDependency */ = {
			isa = PBXTargetDependency;
			target = 5479EABF23D525ED00E92883 /* ChocoTest */;
			targetProxy = 5479EAD723D525F000E92883 /* PBXContainerItemProxy */;
		};
		5479EAE323D525F000E92883 /* PBXTargetDependency */ = {
			isa = PBXTargetDependency;
			target = 5479EABF23D525ED00E92883 /* ChocoTest */;
			targetProxy = 5479EAE223D525F000E92883 /* PBXContainerItemProxy */;
		};
/* End PBXTargetDependency section */

/* Begin PBXVariantGroup section */
		5479EAC923D525ED00E92883 /* Main.storyboard */ = {
			isa = PBXVariantGroup;
			children = (
				5479EACA23D525ED00E92883 /* Base */,
			);
			name = Main.storyboard;
			sourceTree = "<group>";
		};
		5479EACE23D525F000E92883 /* LaunchScreen.storyboard */ = {
			isa = PBXVariantGroup;
			children = (
				5479EACF23D525F000E92883 /* Base */,
			);
			name = LaunchScreen.storyboard;
			sourceTree = "<group>";
		};
/* End PBXVariantGroup section */

/* Begin XCBuildConfiguration section */
		5479EAE823D525F000E92883 /* Debug */ = {
			isa = XCBuildConfiguration;
			buildSettings = {
				ALWAYS_SEARCH_USER_PATHS = NO;
				CLANG_ANALYZER_NONNULL = YES;
				CLANG_ANALYZER_NUMBER_OBJECT_CONVERSION = YES_AGGRESSIVE;
				CLANG_CXX_LANGUAGE_STANDARD = "gnu++14";
				CLANG_CXX_LIBRARY = "libc++";
				CLANG_ENABLE_MODULES = YES;
				CLANG_ENABLE_OBJC_ARC = YES;
				CLANG_ENABLE_OBJC_WEAK = YES;
				CLANG_WARN_BLOCK_CAPTURE_AUTORELEASING = YES;
				CLANG_WARN_BOOL_CONVERSION = YES;
				CLANG_WARN_COMMA = YES;
				CLANG_WARN_CONSTANT_CONVERSION = YES;
				CLANG_WARN_DEPRECATED_OBJC_IMPLEMENTATIONS = YES;
				CLANG_WARN_DIRECT_OBJC_ISA_USAGE = YES_ERROR;
				CLANG_WARN_DOCUMENTATION_COMMENTS = YES;
				CLANG_WARN_EMPTY_BODY = YES;
				CLANG_WARN_ENUM_CONVERSION = YES;
				CLANG_WARN_INFINITE_RECURSION = YES;
				CLANG_WARN_INT_CONVERSION = YES;
				CLANG_WARN_NON_LITERAL_NULL_CONVERSION = YES;
				CLANG_WARN_OBJC_IMPLICIT_RETAIN_SELF = YES;
				CLANG_WARN_OBJC_LITERAL_CONVERSION = YES;
				CLANG_WARN_OBJC_ROOT_CLASS = YES_ERROR;
				CLANG_WARN_RANGE_LOOP_ANALYSIS = YES;
				CLANG_WARN_STRICT_PROTOTYPES = YES;
				CLANG_WARN_SUSPICIOUS_MOVE = YES;
				CLANG_WARN_UNGUARDED_AVAILABILITY = YES_AGGRESSIVE;
				CLANG_WARN_UNREACHABLE_CODE = YES;
				CLANG_WARN__DUPLICATE_METHOD_MATCH = YES;
				COPY_PHASE_STRIP = NO;
				DEBUG_INFORMATION_FORMAT = dwarf;
				ENABLE_STRICT_OBJC_MSGSEND = YES;
				ENABLE_TESTABILITY = YES;
				GCC_C_LANGUAGE_STANDARD = gnu11;
				GCC_DYNAMIC_NO_PIC = NO;
				GCC_NO_COMMON_BLOCKS = YES;
				GCC_OPTIMIZATION_LEVEL = 0;
				GCC_PREPROCESSOR_DEFINITIONS = (
					"DEBUG=1",
					"$(inherited)",
				);
				GCC_WARN_64_TO_32_BIT_CONVERSION = YES;
				GCC_WARN_ABOUT_RETURN_TYPE = YES_ERROR;
				GCC_WARN_UNDECLARED_SELECTOR = YES;
				GCC_WARN_UNINITIALIZED_AUTOS = YES_AGGRESSIVE;
				GCC_WARN_UNUSED_FUNCTION = YES;
				GCC_WARN_UNUSED_VARIABLE = YES;
				IPHONEOS_DEPLOYMENT_TARGET = 13.2;
				MTL_ENABLE_DEBUG_INFO = INCLUDE_SOURCE;
				MTL_FAST_MATH = YES;
				ONLY_ACTIVE_ARCH = YES;
				SDKROOT = iphoneos;
				SWIFT_ACTIVE_COMPILATION_CONDITIONS = DEBUG;
				SWIFT_OPTIMIZATION_LEVEL = "-Onone";
			};
			name = Debug;
		};
		5479EAE923D525F000E92883 /* Release */ = {
			isa = XCBuildConfiguration;
			buildSettings = {
				ALWAYS_SEARCH_USER_PATHS = NO;
				CLANG_ANALYZER_NONNULL = YES;
				CLANG_ANALYZER_NUMBER_OBJECT_CONVERSION = YES_AGGRESSIVE;
				CLANG_CXX_LANGUAGE_STANDARD = "gnu++14";
				CLANG_CXX_LIBRARY = "libc++";
				CLANG_ENABLE_MODULES = YES;
				CLANG_ENABLE_OBJC_ARC = YES;
				CLANG_ENABLE_OBJC_WEAK = YES;
				CLANG_WARN_BLOCK_CAPTURE_AUTORELEASING = YES;
				CLANG_WARN_BOOL_CONVERSION = YES;
				CLANG_WARN_COMMA = YES;
				CLANG_WARN_CONSTANT_CONVERSION = YES;
				CLANG_WARN_DEPRECATED_OBJC_IMPLEMENTATIONS = YES;
				CLANG_WARN_DIRECT_OBJC_ISA_USAGE = YES_ERROR;
				CLANG_WARN_DOCUMENTATION_COMMENTS = YES;
				CLANG_WARN_EMPTY_BODY = YES;
				CLANG_WARN_ENUM_CONVERSION = YES;
				CLANG_WARN_INFINITE_RECURSION = YES;
				CLANG_WARN_INT_CONVERSION = YES;
				CLANG_WARN_NON_LITERAL_NULL_CONVERSION = YES;
				CLANG_WARN_OBJC_IMPLICIT_RETAIN_SELF = YES;
				CLANG_WARN_OBJC_LITERAL_CONVERSION = YES;
				CLANG_WARN_OBJC_ROOT_CLASS = YES_ERROR;
				CLANG_WARN_RANGE_LOOP_ANALYSIS = YES;
				CLANG_WARN_STRICT_PROTOTYPES = YES;
				CLANG_WARN_SUSPICIOUS_MOVE = YES;
				CLANG_WARN_UNGUARDED_AVAILABILITY = YES_AGGRESSIVE;
				CLANG_WARN_UNREACHABLE_CODE = YES;
				CLANG_WARN__DUPLICATE_METHOD_MATCH = YES;
				COPY_PHASE_STRIP = NO;
				DEBUG_INFORMATION_FORMAT = "dwarf-with-dsym";
				ENABLE_NS_ASSERTIONS = NO;
				ENABLE_STRICT_OBJC_MSGSEND = YES;
				GCC_C_LANGUAGE_STANDARD = gnu11;
				GCC_NO_COMMON_BLOCKS = YES;
				GCC_WARN_64_TO_32_BIT_CONVERSION = YES;
				GCC_WARN_ABOUT_RETURN_TYPE = YES_ERROR;
				GCC_WARN_UNDECLARED_SELECTOR = YES;
				GCC_WARN_UNINITIALIZED_AUTOS = YES_AGGRESSIVE;
				GCC_WARN_UNUSED_FUNCTION = YES;
				GCC_WARN_UNUSED_VARIABLE = YES;
				IPHONEOS_DEPLOYMENT_TARGET = 13.2;
				MTL_ENABLE_DEBUG_INFO = NO;
				MTL_FAST_MATH = YES;
				SDKROOT = iphoneos;
				SWIFT_COMPILATION_MODE = wholemodule;
				SWIFT_OPTIMIZATION_LEVEL = "-O";
				VALIDATE_PRODUCT = YES;
			};
			name = Release;
		};
		5479EAEB23D525F000E92883 /* Debug */ = {
			isa = XCBuildConfiguration;
			baseConfigurationReference = 4B265EAF35006058CEC7B731 /* Pods-ChocoTest.debug.xcconfig */;
			buildSettings = {
				ASSETCATALOG_COMPILER_APPICON_NAME = AppIcon;
				BASE_URL = "https://glc4swy1fd.execute-api.eu-west-1.amazonaws.com/choco/";
				CODE_SIGN_STYLE = Automatic;
				DEVELOPMENT_TEAM = L2479GFA4C;
				INFOPLIST_FILE = ChocoTest/Info.plist;
				IPHONEOS_DEPLOYMENT_TARGET = 11.0;
				LD_RUNPATH_SEARCH_PATHS = (
					"$(inherited)",
					"@executable_path/Frameworks",
				);
				PRODUCT_BUNDLE_IDENTIFIER = br.com.meteixeira.ChocoTest;
				PRODUCT_NAME = "$(TARGET_NAME)";
				SWIFT_VERSION = 5.0;
				TARGETED_DEVICE_FAMILY = "1,2";
			};
			name = Debug;
		};
		5479EAEC23D525F000E92883 /* Release */ = {
			isa = XCBuildConfiguration;
			baseConfigurationReference = 34CBE51489C56920001BA17B /* Pods-ChocoTest.release.xcconfig */;
			buildSettings = {
				ASSETCATALOG_COMPILER_APPICON_NAME = AppIcon;
				BASE_URL = "https://glc4swy1fd.execute-api.eu-west-1.amazonaws.com/choco/";
				CODE_SIGN_STYLE = Automatic;
				DEVELOPMENT_TEAM = L2479GFA4C;
				INFOPLIST_FILE = ChocoTest/Info.plist;
				IPHONEOS_DEPLOYMENT_TARGET = 11.0;
				LD_RUNPATH_SEARCH_PATHS = (
					"$(inherited)",
					"@executable_path/Frameworks",
				);
				PRODUCT_BUNDLE_IDENTIFIER = br.com.meteixeira.ChocoTest;
				PRODUCT_NAME = "$(TARGET_NAME)";
				SWIFT_VERSION = 5.0;
				TARGETED_DEVICE_FAMILY = "1,2";
			};
			name = Release;
		};
		5479EAEE23D525F000E92883 /* Debug */ = {
			isa = XCBuildConfiguration;
			baseConfigurationReference = 2CE3E74A1704F1283205DBD3 /* Pods-ChocoTestTests.debug.xcconfig */;
			buildSettings = {
				ALWAYS_EMBED_SWIFT_STANDARD_LIBRARIES = YES;
				BUNDLE_LOADER = "$(TEST_HOST)";
				CODE_SIGN_STYLE = Automatic;
				DEVELOPMENT_TEAM = L2479GFA4C;
				INFOPLIST_FILE = ChocoTestTests/Info.plist;
				IPHONEOS_DEPLOYMENT_TARGET = 13.2;
				LD_RUNPATH_SEARCH_PATHS = (
					"$(inherited)",
					"@executable_path/Frameworks",
					"@loader_path/Frameworks",
				);
				PRODUCT_BUNDLE_IDENTIFIER = br.com.meteixeira.ChocoTestTests;
				PRODUCT_NAME = "$(TARGET_NAME)";
				SWIFT_VERSION = 5.0;
				TARGETED_DEVICE_FAMILY = "1,2";
				TEST_HOST = "$(BUILT_PRODUCTS_DIR)/ChocoTest.app/ChocoTest";
			};
			name = Debug;
		};
		5479EAEF23D525F000E92883 /* Release */ = {
			isa = XCBuildConfiguration;
			baseConfigurationReference = 8A7B1DE988B8E164BE2FC9E5 /* Pods-ChocoTestTests.release.xcconfig */;
			buildSettings = {
				ALWAYS_EMBED_SWIFT_STANDARD_LIBRARIES = YES;
				BUNDLE_LOADER = "$(TEST_HOST)";
				CODE_SIGN_STYLE = Automatic;
				DEVELOPMENT_TEAM = L2479GFA4C;
				INFOPLIST_FILE = ChocoTestTests/Info.plist;
				IPHONEOS_DEPLOYMENT_TARGET = 13.2;
				LD_RUNPATH_SEARCH_PATHS = (
					"$(inherited)",
					"@executable_path/Frameworks",
					"@loader_path/Frameworks",
				);
				PRODUCT_BUNDLE_IDENTIFIER = br.com.meteixeira.ChocoTestTests;
				PRODUCT_NAME = "$(TARGET_NAME)";
				SWIFT_VERSION = 5.0;
				TARGETED_DEVICE_FAMILY = "1,2";
				TEST_HOST = "$(BUILT_PRODUCTS_DIR)/ChocoTest.app/ChocoTest";
			};
			name = Release;
		};
		5479EAF123D525F000E92883 /* Debug */ = {
			isa = XCBuildConfiguration;
			baseConfigurationReference = A86230949843256F5835347A /* Pods-ChocoTest-ChocoTestUITests.debug.xcconfig */;
			buildSettings = {
				ALWAYS_EMBED_SWIFT_STANDARD_LIBRARIES = YES;
				CODE_SIGN_STYLE = Automatic;
				DEVELOPMENT_TEAM = L2479GFA4C;
				INFOPLIST_FILE = ChocoTestUITests/Info.plist;
				LD_RUNPATH_SEARCH_PATHS = (
					"$(inherited)",
					"@executable_path/Frameworks",
					"@loader_path/Frameworks",
				);
				PRODUCT_BUNDLE_IDENTIFIER = br.com.meteixeira.ChocoTestUITests;
				PRODUCT_NAME = "$(TARGET_NAME)";
				SWIFT_VERSION = 5.0;
				TARGETED_DEVICE_FAMILY = "1,2";
				TEST_TARGET_NAME = ChocoTest;
			};
			name = Debug;
		};
		5479EAF223D525F000E92883 /* Release */ = {
			isa = XCBuildConfiguration;
			baseConfigurationReference = 587E8322514637723D101135 /* Pods-ChocoTest-ChocoTestUITests.release.xcconfig */;
			buildSettings = {
				ALWAYS_EMBED_SWIFT_STANDARD_LIBRARIES = YES;
				CODE_SIGN_STYLE = Automatic;
				DEVELOPMENT_TEAM = L2479GFA4C;
				INFOPLIST_FILE = ChocoTestUITests/Info.plist;
				LD_RUNPATH_SEARCH_PATHS = (
					"$(inherited)",
					"@executable_path/Frameworks",
					"@loader_path/Frameworks",
				);
				PRODUCT_BUNDLE_IDENTIFIER = br.com.meteixeira.ChocoTestUITests;
				PRODUCT_NAME = "$(TARGET_NAME)";
				SWIFT_VERSION = 5.0;
				TARGETED_DEVICE_FAMILY = "1,2";
				TEST_TARGET_NAME = ChocoTest;
			};
			name = Release;
		};
/* End XCBuildConfiguration section */

/* Begin XCConfigurationList section */
		5479EABB23D525ED00E92883 /* Build configuration list for PBXProject "ChocoTest" */ = {
			isa = XCConfigurationList;
			buildConfigurations = (
				5479EAE823D525F000E92883 /* Debug */,
				5479EAE923D525F000E92883 /* Release */,
			);
			defaultConfigurationIsVisible = 0;
			defaultConfigurationName = Release;
		};
		5479EAEA23D525F000E92883 /* Build configuration list for PBXNativeTarget "ChocoTest" */ = {
			isa = XCConfigurationList;
			buildConfigurations = (
				5479EAEB23D525F000E92883 /* Debug */,
				5479EAEC23D525F000E92883 /* Release */,
			);
			defaultConfigurationIsVisible = 0;
			defaultConfigurationName = Release;
		};
		5479EAED23D525F000E92883 /* Build configuration list for PBXNativeTarget "ChocoTestTests" */ = {
			isa = XCConfigurationList;
			buildConfigurations = (
				5479EAEE23D525F000E92883 /* Debug */,
				5479EAEF23D525F000E92883 /* Release */,
			);
			defaultConfigurationIsVisible = 0;
			defaultConfigurationName = Release;
		};
		5479EAF023D525F000E92883 /* Build configuration list for PBXNativeTarget "ChocoTestUITests" */ = {
			isa = XCConfigurationList;
			buildConfigurations = (
				5479EAF123D525F000E92883 /* Debug */,
				5479EAF223D525F000E92883 /* Release */,
			);
			defaultConfigurationIsVisible = 0;
			defaultConfigurationName = Release;
		};
/* End XCConfigurationList section */
	};
	rootObject = 5479EAB823D525ED00E92883 /* Project object */;
}
